
Microsoft Visual Studio Solution File, Format Version 12.00
# Visual Studio Version 17
VisualStudioVersion = 17.9.34616.47
MinimumVisualStudioVersion = 10.0.40219.1
Project("{FAE04EC0-301F-11D3-BF4B-00C04F79EFBC}") = "ChroniclesTest", "ChroniclesTest\ChroniclesTest.csproj", "{31F66F1A-F553-4F11-9FDF-00DE04DC0BE5}"
EndProject
Project("{FAE04EC0-301F-11D3-BF4B-00C04F79EFBC}") = "PlayerApp", "PlayerApp\PlayerApp.csproj", "{D957FD82-658A-4C77-A4A0-8B9CDEE12AB4}"
EndProject
Project("{2150E333-8FDC-42A3-9474-1A3956D46DE8}") = "Solution Items", "Solution Items", "{877587EE-2453-4938-B015-F3374982B491}"
	ProjectSection(SolutionItems) = preProject
		Readme.md = Readme.md
	EndProjectSection
EndProject
Global
	GlobalSection(SolutionConfigurationPlatforms) = preSolution
		Debug|Any CPU = Debug|Any CPU
		Release|Any CPU = Release|Any CPU
	EndGlobalSection
	GlobalSection(ProjectConfigurationPlatforms) = postSolution
		{31F66F1A-F553-4F11-9FDF-00DE04DC0BE5}.Debug|Any CPU.ActiveCfg = Debug|Any CPU
		{31F66F1A-F553-4F11-9FDF-00DE04DC0BE5}.Debug|Any CPU.Build.0 = Debug|Any CPU
		{31F66F1A-F553-4F11-9FDF-00DE04DC0BE5}.Release|Any CPU.ActiveCfg = Release|Any CPU
		{31F66F1A-F553-4F11-9FDF-00DE04DC0BE5}.Release|Any CPU.Build.0 = Release|Any CPU
		{D957FD82-658A-4C77-A4A0-8B9CDEE12AB4}.Debug|Any CPU.ActiveCfg = Debug|Any CPU
		{D957FD82-658A-4C77-A4A0-8B9CDEE12AB4}.Debug|Any CPU.Build.0 = Debug|Any CPU
		{D957FD82-658A-4C77-A4A0-8B9CDEE12AB4}.Release|Any CPU.ActiveCfg = Release|Any CPU
		{D957FD82-658A-4C77-A4A0-8B9CDEE12AB4}.Release|Any CPU.Build.0 = Release|Any CPU
	EndGlobalSection
	GlobalSection(SolutionProperties) = preSolution
		HideSolutionNode = FALSE
	EndGlobalSection
	GlobalSection(ExtensibilityGlobals) = postSolution
		SolutionGuid = {95E5CE83-D176-4A01-BA3D-7B83B8FE40FB}
	EndGlobalSection
EndGlobal
